
Microsoft Visual Studio Solution File, Format Version 12.00
# Visual Studio Version 17
VisualStudioVersion = 17.11.35219.272
MinimumVisualStudioVersion = 10.0.40219.1
Project("{FAE04EC0-301F-11D3-BF4B-00C04F79EFBC}") = "divideVenceras", "divideVenceras\divideVenceras.csproj", "{800BC8EF-1B7F-474C-B85C-06A32A48A67D}"
EndProject
Global
	GlobalSection(SolutionConfigurationPlatforms) = preSolution
		Debug|Any CPU = Debug|Any CPU
		Release|Any CPU = Release|Any CPU
	EndGlobalSection
	GlobalSection(ProjectConfigurationPlatforms) = postSolution
		{800BC8EF-1B7F-474C-B85C-06A32A48A67D}.Debug|Any CPU.ActiveCfg = Debug|Any CPU
		{800BC8EF-1B7F-474C-B85C-06A32A48A67D}.Debug|Any CPU.Build.0 = Debug|Any CPU
		{800BC8EF-1B7F-474C-B85C-06A32A48A67D}.Release|Any CPU.ActiveCfg = Release|Any CPU
		{800BC8EF-1B7F-474C-B85C-06A32A48A67D}.Release|Any CPU.Build.0 = Release|Any CPU
	EndGlobalSection
	GlobalSection(SolutionProperties) = preSolution
		HideSolutionNode = FALSE
	EndGlobalSection
	GlobalSection(ExtensibilityGlobals) = postSolution
		SolutionGuid = {7A38871B-24BD-4E3A-A8B8-27486EA825E5}
	EndGlobalSection
EndGlobal
